
Microsoft Visual Studio Solution File, Format Version 12.00
# Visual Studio Version 17
VisualStudioVersion = 17.7.34031.279
MinimumVisualStudioVersion = 10.0.40219.1
Project("{FAE04EC0-301F-11D3-BF4B-00C04F79EFBC}") = "Footer", "Test\Footer.csproj", "{2055650B-9DC6-47FF-9DA7-CB75B206F805}"
EndProject
Global
	GlobalSection(SolutionConfigurationPlatforms) = preSolution
		Debug|Any CPU = Debug|Any CPU
		Release|Any CPU = Release|Any CPU
	EndGlobalSection
	GlobalSection(ProjectConfigurationPlatforms) = postSolution
		{2055650B-9DC6-47FF-9DA7-CB75B206F805}.Debug|Any CPU.ActiveCfg = Debug|Any CPU
		{2055650B-9DC6-47FF-9DA7-CB75B206F805}.Debug|Any CPU.Build.0 = Debug|Any CPU
		{2055650B-9DC6-47FF-9DA7-CB75B206F805}.Release|Any CPU.ActiveCfg = Release|Any CPU
		{2055650B-9DC6-47FF-9DA7-CB75B206F805}.Release|Any CPU.Build.0 = Release|Any CPU
	EndGlobalSection
	GlobalSection(SolutionProperties) = preSolution
		HideSolutionNode = FALSE
	EndGlobalSection
	GlobalSection(ExtensibilityGlobals) = postSolution
		SolutionGuid = {1213F0C9-9994-4EE4-BB75-B18E294EC529}
	EndGlobalSection
EndGlobal
